
Microsoft Visual Studio Solution File, Format Version 12.00
# Visual Studio 15
VisualStudioVersion = 15.0.28307.329
MinimumVisualStudioVersion = 10.0.40219.1
Project("{FAE04EC0-301F-11D3-BF4B-00C04F79EFBC}") = "NudgeApp.Web", "NudgeApp.Web\NudgeApp.Web.csproj", "{3E05C008-E0C1-47F4-BA27-39FBC969C2D1}"
EndProject
Global
	GlobalSection(SolutionConfigurationPlatforms) = preSolution
		Debug|Any CPU = Debug|Any CPU
		Release|Any CPU = Release|Any CPU
	EndGlobalSection
	GlobalSection(ProjectConfigurationPlatforms) = postSolution
		{3E05C008-E0C1-47F4-BA27-39FBC969C2D1}.Debug|Any CPU.ActiveCfg = Debug|Any CPU
		{3E05C008-E0C1-47F4-BA27-39FBC969C2D1}.Debug|Any CPU.Build.0 = Debug|Any CPU
		{3E05C008-E0C1-47F4-BA27-39FBC969C2D1}.Release|Any CPU.ActiveCfg = Release|Any CPU
		{3E05C008-E0C1-47F4-BA27-39FBC969C2D1}.Release|Any CPU.Build.0 = Release|Any CPU
	EndGlobalSection
	GlobalSection(SolutionProperties) = preSolution
		HideSolutionNode = FALSE
	EndGlobalSection
	GlobalSection(ExtensibilityGlobals) = postSolution
		SolutionGuid = {A464FC3E-7FFD-4C4A-A2B9-57B25FB6292D}
	EndGlobalSection
EndGlobal
