
Microsoft Visual Studio Solution File, Format Version 12.00
# Visual Studio Version 16
VisualStudioVersion = 16.0.28516.95
MinimumVisualStudioVersion = 10.0.40219.1
Project("{9A19103F-16F7-4668-BE54-9A1E7A4F7556}") = "NudgeApp.Web", "NudgeApp.Web\NudgeApp.Web.csproj", "{3E05C008-E0C1-47F4-BA27-39FBC969C2D1}"
EndProject
Project("{9A19103F-16F7-4668-BE54-9A1E7A4F7556}") = "NudgeApp.DataManagement", "NudgeApp.DataManagement\NudgeApp.DataManagement.csproj", "{74E3CBF0-52B2-4A86-B1BF-06F58E2226C5}"
EndProject
Project("{9A19103F-16F7-4668-BE54-9A1E7A4F7556}") = "NudgeApp.Data", "NudgeApp.Data\NudgeApp.Data.csproj", "{0733AB31-9FBD-4623-B61E-40B7642DD000}"
EndProject
Project("{FAE04EC0-301F-11D3-BF4B-00C04F79EFBC}") = "NudgeApp.Common", "NudgeApp.Common\NudgeApp.Common.csproj", "{90EB5FB1-4CA5-4E75-B304-22C7818BC11A}"
EndProject
Global
	GlobalSection(SolutionConfigurationPlatforms) = preSolution
		Debug|Any CPU = Debug|Any CPU
		Release|Any CPU = Release|Any CPU
	EndGlobalSection
	GlobalSection(ProjectConfigurationPlatforms) = postSolution
		{3E05C008-E0C1-47F4-BA27-39FBC969C2D1}.Debug|Any CPU.ActiveCfg = Debug|Any CPU
		{3E05C008-E0C1-47F4-BA27-39FBC969C2D1}.Debug|Any CPU.Build.0 = Debug|Any CPU
		{3E05C008-E0C1-47F4-BA27-39FBC969C2D1}.Release|Any CPU.ActiveCfg = Release|Any CPU
		{3E05C008-E0C1-47F4-BA27-39FBC969C2D1}.Release|Any CPU.Build.0 = Release|Any CPU
		{74E3CBF0-52B2-4A86-B1BF-06F58E2226C5}.Debug|Any CPU.ActiveCfg = Debug|Any CPU
		{74E3CBF0-52B2-4A86-B1BF-06F58E2226C5}.Debug|Any CPU.Build.0 = Debug|Any CPU
		{74E3CBF0-52B2-4A86-B1BF-06F58E2226C5}.Release|Any CPU.ActiveCfg = Release|Any CPU
		{74E3CBF0-52B2-4A86-B1BF-06F58E2226C5}.Release|Any CPU.Build.0 = Release|Any CPU
		{0733AB31-9FBD-4623-B61E-40B7642DD000}.Debug|Any CPU.ActiveCfg = Debug|Any CPU
		{0733AB31-9FBD-4623-B61E-40B7642DD000}.Debug|Any CPU.Build.0 = Debug|Any CPU
		{0733AB31-9FBD-4623-B61E-40B7642DD000}.Release|Any CPU.ActiveCfg = Release|Any CPU
		{0733AB31-9FBD-4623-B61E-40B7642DD000}.Release|Any CPU.Build.0 = Release|Any CPU
		{90EB5FB1-4CA5-4E75-B304-22C7818BC11A}.Debug|Any CPU.ActiveCfg = Debug|Any CPU
		{90EB5FB1-4CA5-4E75-B304-22C7818BC11A}.Debug|Any CPU.Build.0 = Debug|Any CPU
		{90EB5FB1-4CA5-4E75-B304-22C7818BC11A}.Release|Any CPU.ActiveCfg = Release|Any CPU
		{90EB5FB1-4CA5-4E75-B304-22C7818BC11A}.Release|Any CPU.Build.0 = Release|Any CPU
	EndGlobalSection
	GlobalSection(SolutionProperties) = preSolution
		HideSolutionNode = FALSE
	EndGlobalSection
	GlobalSection(ExtensibilityGlobals) = postSolution
		SolutionGuid = {A464FC3E-7FFD-4C4A-A2B9-57B25FB6292D}
	EndGlobalSection
EndGlobal
